
Microsoft Visual Studio Solution File, Format Version 12.00
# Visual Studio 15
VisualStudioVersion = 15.0.28306.52
MinimumVisualStudioVersion = 10.0.40219.1
Project("{FAE04EC0-301F-11D3-BF4B-00C04F79EFBC}") = "CSpiderServer", "CSpiderServer\CSpiderServer.csproj", "{E0E43723-9707-4133-B2E0-D5CE328783D0}"
EndProject
Global
	GlobalSection(SolutionConfigurationPlatforms) = preSolution
		Debug|Any CPU = Debug|Any CPU
		Release|Any CPU = Release|Any CPU
	EndGlobalSection
	GlobalSection(ProjectConfigurationPlatforms) = postSolution
		{E0E43723-9707-4133-B2E0-D5CE328783D0}.Debug|Any CPU.ActiveCfg = Debug|Any CPU
		{E0E43723-9707-4133-B2E0-D5CE328783D0}.Debug|Any CPU.Build.0 = Debug|Any CPU
		{E0E43723-9707-4133-B2E0-D5CE328783D0}.Release|Any CPU.ActiveCfg = Release|Any CPU
		{E0E43723-9707-4133-B2E0-D5CE328783D0}.Release|Any CPU.Build.0 = Release|Any CPU
	EndGlobalSection
	GlobalSection(SolutionProperties) = preSolution
		HideSolutionNode = FALSE
	EndGlobalSection
	GlobalSection(ExtensibilityGlobals) = postSolution
		SolutionGuid = {7C15F1B1-B5EE-435B-B10F-0B540E1635DF}
	EndGlobalSection
EndGlobal
